
Microsoft Visual Studio Solution File, Format Version 12.00
# Visual Studio Version 17
VisualStudioVersion = 17.4.33213.308
MinimumVisualStudioVersion = 10.0.40219.1
Project("{FAE04EC0-301F-11D3-BF4B-00C04F79EFBC}") = "GetPassword", "GetPassword\GetPassword.csproj", "{E776B6E9-B251-4AEA-873E-5C0B06BB6932}"
EndProject
Global
	GlobalSection(SolutionConfigurationPlatforms) = preSolution
		Debug|Any CPU = Debug|Any CPU
		Release|Any CPU = Release|Any CPU
	EndGlobalSection
	GlobalSection(ProjectConfigurationPlatforms) = postSolution
		{E776B6E9-B251-4AEA-873E-5C0B06BB6932}.Debug|Any CPU.ActiveCfg = Debug|Any CPU
		{E776B6E9-B251-4AEA-873E-5C0B06BB6932}.Debug|Any CPU.Build.0 = Debug|Any CPU
		{E776B6E9-B251-4AEA-873E-5C0B06BB6932}.Release|Any CPU.ActiveCfg = Release|Any CPU
		{E776B6E9-B251-4AEA-873E-5C0B06BB6932}.Release|Any CPU.Build.0 = Release|Any CPU
	EndGlobalSection
	GlobalSection(SolutionProperties) = preSolution
		HideSolutionNode = FALSE
	EndGlobalSection
	GlobalSection(ExtensibilityGlobals) = postSolution
		SolutionGuid = {844C5908-0F58-458E-B95F-D139FF3453A3}
	EndGlobalSection
EndGlobal
